
Microsoft Visual Studio Solution File, Format Version 12.00
# Visual Studio 2012
Project("{FAE04EC0-301F-11D3-BF4B-00C04F79EFBC}") = "SpaceShip", "SpaceShip\SpaceShip\SpaceShip.csproj", "{CC2178C6-33A9-41DA-8EDB-3601417AB5AD}"
EndProject
Project("{FAE04EC0-301F-11D3-BF4B-00C04F79EFBC}") = "SpaceShipContent", "SpaceShip\SpaceShipContent\SpaceShipContent.contentproj", "{76D51093-6F1F-4684-AA78-95C9AF042CA6}"
EndProject
Project("{FAE04EC0-301F-11D3-BF4B-00C04F79EFBC}") = "TestSpaceShip", "TestSpaceShip\TestSpaceShip.csproj", "{44A7AA48-125E-40A2-B99D-DE477EB2E124}"
EndProject
Global
	GlobalSection(SolutionConfigurationPlatforms) = preSolution
		Debug|Any CPU = Debug|Any CPU
		Debug|Mixed Platforms = Debug|Mixed Platforms
		Debug|x86 = Debug|x86
		Release|Any CPU = Release|Any CPU
		Release|Mixed Platforms = Release|Mixed Platforms
		Release|x86 = Release|x86
	EndGlobalSection
	GlobalSection(ProjectConfigurationPlatforms) = postSolution
		{CC2178C6-33A9-41DA-8EDB-3601417AB5AD}.Debug|Any CPU.ActiveCfg = Debug|x86
		{CC2178C6-33A9-41DA-8EDB-3601417AB5AD}.Debug|Mixed Platforms.ActiveCfg = Debug|x86
		{CC2178C6-33A9-41DA-8EDB-3601417AB5AD}.Debug|Mixed Platforms.Build.0 = Debug|x86
		{CC2178C6-33A9-41DA-8EDB-3601417AB5AD}.Debug|x86.ActiveCfg = Debug|x86
		{CC2178C6-33A9-41DA-8EDB-3601417AB5AD}.Debug|x86.Build.0 = Debug|x86
		{CC2178C6-33A9-41DA-8EDB-3601417AB5AD}.Release|Any CPU.ActiveCfg = Release|x86
		{CC2178C6-33A9-41DA-8EDB-3601417AB5AD}.Release|Mixed Platforms.ActiveCfg = Release|x86
		{CC2178C6-33A9-41DA-8EDB-3601417AB5AD}.Release|Mixed Platforms.Build.0 = Release|x86
		{CC2178C6-33A9-41DA-8EDB-3601417AB5AD}.Release|x86.ActiveCfg = Release|x86
		{CC2178C6-33A9-41DA-8EDB-3601417AB5AD}.Release|x86.Build.0 = Release|x86
		{76D51093-6F1F-4684-AA78-95C9AF042CA6}.Debug|Any CPU.ActiveCfg = Debug|x86
		{76D51093-6F1F-4684-AA78-95C9AF042CA6}.Debug|Mixed Platforms.ActiveCfg = Debug|x86
		{76D51093-6F1F-4684-AA78-95C9AF042CA6}.Debug|x86.ActiveCfg = Debug|x86
		{76D51093-6F1F-4684-AA78-95C9AF042CA6}.Release|Any CPU.ActiveCfg = Release|x86
		{76D51093-6F1F-4684-AA78-95C9AF042CA6}.Release|Mixed Platforms.ActiveCfg = Release|x86
		{76D51093-6F1F-4684-AA78-95C9AF042CA6}.Release|x86.ActiveCfg = Release|x86
		{44A7AA48-125E-40A2-B99D-DE477EB2E124}.Debug|Any CPU.ActiveCfg = Debug|Any CPU
		{44A7AA48-125E-40A2-B99D-DE477EB2E124}.Debug|Any CPU.Build.0 = Debug|Any CPU
		{44A7AA48-125E-40A2-B99D-DE477EB2E124}.Debug|Mixed Platforms.ActiveCfg = Debug|Any CPU
		{44A7AA48-125E-40A2-B99D-DE477EB2E124}.Debug|Mixed Platforms.Build.0 = Debug|Any CPU
		{44A7AA48-125E-40A2-B99D-DE477EB2E124}.Debug|x86.ActiveCfg = Debug|Any CPU
		{44A7AA48-125E-40A2-B99D-DE477EB2E124}.Release|Any CPU.ActiveCfg = Release|Any CPU
		{44A7AA48-125E-40A2-B99D-DE477EB2E124}.Release|Any CPU.Build.0 = Release|Any CPU
		{44A7AA48-125E-40A2-B99D-DE477EB2E124}.Release|Mixed Platforms.ActiveCfg = Release|Any CPU
		{44A7AA48-125E-40A2-B99D-DE477EB2E124}.Release|Mixed Platforms.Build.0 = Release|Any CPU
		{44A7AA48-125E-40A2-B99D-DE477EB2E124}.Release|x86.ActiveCfg = Release|Any CPU
	EndGlobalSection
	GlobalSection(SolutionProperties) = preSolution
		HideSolutionNode = FALSE
	EndGlobalSection
EndGlobal
